
Microsoft Visual Studio Solution File, Format Version 12.00
Project("{FAE04EC0-301F-11D3-BF4B-00C04F79EFBC}") = "Tree_KeyPer", "Tree_KeyPer\Tree_KeyPer.csproj", "{09FF57CF-31ED-4945-96A3-9CA9B6352E46}"
EndProject
Global
	GlobalSection(SolutionConfigurationPlatforms) = preSolution
		Debug|Any CPU = Debug|Any CPU
		Release|Any CPU = Release|Any CPU
	EndGlobalSection
	GlobalSection(ProjectConfigurationPlatforms) = postSolution
		{09FF57CF-31ED-4945-96A3-9CA9B6352E46}.Debug|Any CPU.ActiveCfg = Debug|Any CPU
		{09FF57CF-31ED-4945-96A3-9CA9B6352E46}.Debug|Any CPU.Build.0 = Debug|Any CPU
		{09FF57CF-31ED-4945-96A3-9CA9B6352E46}.Release|Any CPU.ActiveCfg = Release|Any CPU
		{09FF57CF-31ED-4945-96A3-9CA9B6352E46}.Release|Any CPU.Build.0 = Release|Any CPU
	EndGlobalSection
EndGlobal
